{
  "name": "slack clone",
  "lockfileVersion": 3,
  "requires": true,
  "packages": {
    "": {
      "dependencies": {
        "@clerk/clerk-react": "^5.43.1"
      }
    },
    "node_modules/@clerk/clerk-react": {
      "version": "5.43.1",
      "resolved": "https://registry.npmjs.org/@clerk/clerk-react/-/clerk-react-5.43.1.tgz",
      "integrity": "sha512-JXZo212wXQN+KcAYMEWMoFEZ5br6LABE1eY+xg3PlUX8TK88UY6B6WKqPJE5uKpIqom7dUbwhER03oc1Hh8+1w==",
      "license": "MIT",
      "dependencies": {
        "@clerk/shared": "^3.22.0",
        "@clerk/types": "^4.81.0",
        "tslib": "2.8.1"
      },
      "engines": {
        "node": ">=18.17.0"
      },
      "peerDependencies": {
        "react": "^18.0.0 || ^19.0.0 || ^19.0.0-0",
        "react-dom": "^18.0.0 || ^19.0.0 || ^19.0.0-0"
      }
    },
    "node_modules/@clerk/shared": {
      "version": "3.22.0",
      "resolved": "https://registry.npmjs.org/@clerk/shared/-/shared-3.22.0.tgz",
      "integrity": "sha512-qBtWjnqST0a+sYRArkFwyCwlAM5NxyZvbicz6uvQnq0ZuFQwoGzYiZ0V47kJ+rc6c2jz3qAd8GR1h0hUtfI5cg==",
      "hasInstallScript": true,
      "license": "MIT",
      "dependencies": {
        "@clerk/types": "^4.81.0",
        "dequal": "2.0.3",
        "glob-to-regexp": "0.4.1",
        "js-cookie": "3.0.5",
        "std-env": "^3.9.0",
        "swr": "2.3.4"
      },
      "engines": {
        "node": ">=18.17.0"
      },
      "peerDependencies": {
        "react": "^18.0.0 || ^19.0.0 || ^19.0.0-0",
        "react-dom": "^18.0.0 || ^19.0.0 || ^19.0.0-0"
      },
      "peerDependenciesMeta": {
        "react": {
          "optional": true
        },
        "react-dom": {
          "optional": true
        }
      }
    },
    "node_modules/@clerk/types": {
      "version": "4.81.0",
      "resolved": "https://registry.npmjs.org/@clerk/types/-/types-4.81.0.tgz",
      "integrity": "sha512-uSVAKUmYiFy2POXP3jNh7iCqdbEpzQe+IjY6MWiI5eYjMXR1l+TwYbU0r3IqnTzAzwm8TlklkpTaeR5ZXKW1Gw==",
      "license": "MIT",
      "dependencies": {
        "csstype": "3.1.3"
      },
      "engines": {
        "node": ">=18.17.0"
      }
    },
    "node_modules/csstype": {
      "version": "3.1.3",
      "resolved": "https://registry.npmjs.org/csstype/-/csstype-3.1.3.tgz",
      "integrity": "sha512-M1uQkMl8rQK/szD0LNhtqxIPLpimGm8sOBwU7lLnCpSbTyY3yeU1Vc7l4KT5zT4s/yOxHH5O7tIuuLOCnLADRw==",
      "license": "MIT"
    },
    "node_modules/dequal": {
      "version": "2.0.3",
      "resolved": "https://registry.npmjs.org/dequal/-/dequal-2.0.3.tgz",
      "integrity": "sha512-0je+qPKHEMohvfRTCEo3CrPG6cAzAYgmzKyxRiYSSDkS6eGJdyVJm7WaYA5ECaAD9wLB2T4EEeymA5aFVcYXCA==",
      "license": "MIT",
      "engines": {
        "node": ">=6"
      }
    },
    "node_modules/glob-to-regexp": {
      "version": "0.4.1",
      "resolved": "https://registry.npmjs.org/glob-to-regexp/-/glob-to-regexp-0.4.1.tgz",
      "integrity": "sha512-lkX1HJXwyMcprw/5YUZc2s7DrpAiHB21/V+E1rHUrVNokkvB6bqMzT0VfV6/86ZNabt1k14YOIaT7nDvOX3Iiw==",
      "license": "BSD-2-Clause"
    },
    "node_modules/js-cookie": {
      "version": "3.0.5",
      "resolved": "https://registry.npmjs.org/js-cookie/-/js-cookie-3.0.5.tgz",
      "integrity": "sha512-cEiJEAEoIbWfCZYKWhVwFuvPX1gETRYPw6LlaTKoxD3s2AkXzkCjnp6h0V77ozyqj0jakteJ4YqDJT830+lVGw==",
      "license": "MIT",
      "engines": {
        "node": ">=14"
      }
    },
    "node_modules/react": {
      "version": "19.1.1",
      "resolved": "https://registry.npmjs.org/react/-/react-19.1.1.tgz",
      "integrity": "sha512-w8nqGImo45dmMIfljjMwOGtbmC/mk4CMYhWIicdSflH91J9TyCyczcPFXJzrZ/ZXcgGRFeP6BU0BEJTw6tZdfQ==",
      "license": "MIT",
      "peer": true,
      "engines": {
        "node": ">=0.10.0"
      }
    },
    "node_modules/react-dom": {
      "version": "19.1.1",
      "resolved": "https://registry.npmjs.org/react-dom/-/react-dom-19.1.1.tgz",
      "integrity": "sha512-Dlq/5LAZgF0Gaz6yiqZCf6VCcZs1ghAJyrsu84Q/GT0gV+mCxbfmKNoGRKBYMJ8IEdGPqu49YWXD02GCknEDkw==",
      "license": "MIT",
      "peer": true,
      "dependencies": {
        "scheduler": "^0.26.0"
      },
      "peerDependencies": {
        "react": "^19.1.1"
      }
    },
    "node_modules/scheduler": {
      "version": "0.26.0",
      "resolved": "https://registry.npmjs.org/scheduler/-/scheduler-0.26.0.tgz",
      "integrity": "sha512-NlHwttCI/l5gCPR3D1nNXtWABUmBwvZpEQiD4IXSbIDq8BzLIK/7Ir5gTFSGZDUu37K5cMNp0hFtzO38sC7gWA==",
      "license": "MIT",
      "peer": true
    },
    "node_modules/std-env": {
      "version": "3.9.0",
      "resolved": "https://registry.npmjs.org/std-env/-/std-env-3.9.0.tgz",
      "integrity": "sha512-UGvjygr6F6tpH7o2qyqR6QYpwraIjKSdtzyBdyytFOHmPZY917kwdwLG0RbOjWOnKmnm3PeHjaoLLMie7kPLQw==",
      "license": "MIT"
    },
    "node_modules/swr": {
      "version": "2.3.4",
      "resolved": "https://registry.npmjs.org/swr/-/swr-2.3.4.tgz",
      "integrity": "sha512-bYd2lrhc+VarcpkgWclcUi92wYCpOgMws9Sd1hG1ntAu0NEy+14CbotuFjshBU2kt9rYj9TSmDcybpxpeTU1fg==",
      "license": "MIT",
      "dependencies": {
        "dequal": "^2.0.3",
        "use-sync-external-store": "^1.4.0"
      },
      "peerDependencies": {
        "react": "^16.11.0 || ^17.0.0 || ^18.0.0 || ^19.0.0"
      }
    },
    "node_modules/tslib": {
      "version": "2.8.1",
      "resolved": "https://registry.npmjs.org/tslib/-/tslib-2.8.1.tgz",
      "integrity": "sha512-oJFu94HQb+KVduSUQL7wnpmqnfmLsOA/nAh6b6EH0wCEoK0/mPeXU6c3wKDV83MkOuHPRHtSXKKU99IBazS/2w==",
      "license": "0BSD"
    },
    "node_modules/use-sync-external-store": {
      "version": "1.5.0",
      "resolved": "https://registry.npmjs.org/use-sync-external-store/-/use-sync-external-store-1.5.0.tgz",
      "integrity": "sha512-Rb46I4cGGVBmjamjphe8L/UnvJD+uPPtTkNvX5mZgqdbavhI4EbgIWJiIHXJ8bc/i9EQGPRh4DwEURJ552Do0A==",
      "license": "MIT",
      "peerDependencies": {
        "react": "^16.8.0 || ^17.0.0 || ^18.0.0 || ^19.0.0"
      }
    }
  }
}
